
Microsoft Visual Studio Solution File, Format Version 12.00
# Visual Studio Version 17
VisualStudioVersion = 17.1.32210.238
MinimumVisualStudioVersion = 10.0.40219.1
Project("{9A19103F-16F7-4668-BE54-9A1E7A4F7556}") = "ParkyAPI", "ParkyAPI\ParkyAPI.csproj", "{9B9D6662-4B97-4AEA-9006-AEC864D6D567}"
EndProject
Project("{9A19103F-16F7-4668-BE54-9A1E7A4F7556}") = "ParkyWeb", "ParkyWeb\ParkyWeb.csproj", "{FDDDCEED-4538-4434-AE49-C465D8F729F6}"
EndProject
Global
	GlobalSection(SolutionConfigurationPlatforms) = preSolution
		Debug|Any CPU = Debug|Any CPU
		Release|Any CPU = Release|Any CPU
	EndGlobalSection
	GlobalSection(ProjectConfigurationPlatforms) = postSolution
		{9B9D6662-4B97-4AEA-9006-AEC864D6D567}.Debug|Any CPU.ActiveCfg = Debug|Any CPU
		{9B9D6662-4B97-4AEA-9006-AEC864D6D567}.Debug|Any CPU.Build.0 = Debug|Any CPU
		{9B9D6662-4B97-4AEA-9006-AEC864D6D567}.Release|Any CPU.ActiveCfg = Release|Any CPU
		{9B9D6662-4B97-4AEA-9006-AEC864D6D567}.Release|Any CPU.Build.0 = Release|Any CPU
		{FDDDCEED-4538-4434-AE49-C465D8F729F6}.Debug|Any CPU.ActiveCfg = Debug|Any CPU
		{FDDDCEED-4538-4434-AE49-C465D8F729F6}.Debug|Any CPU.Build.0 = Debug|Any CPU
		{FDDDCEED-4538-4434-AE49-C465D8F729F6}.Release|Any CPU.ActiveCfg = Release|Any CPU
		{FDDDCEED-4538-4434-AE49-C465D8F729F6}.Release|Any CPU.Build.0 = Release|Any CPU
	EndGlobalSection
	GlobalSection(SolutionProperties) = preSolution
		HideSolutionNode = FALSE
	EndGlobalSection
	GlobalSection(ExtensibilityGlobals) = postSolution
		SolutionGuid = {7C8F9EB4-7D78-4584-A50F-BC23EF18DDBE}
	EndGlobalSection
EndGlobal
